<Solution>
  <Folder Name="/src/">
    <Project Path="src/SocialTennis.Api/SocialTennis.Api.csproj" />
  </Folder>
  <Folder Name="/tests/">
    <Project Path="tests/SocialTennis.Api.IntegrationTests/SocialTennis.Api.IntegrationTests.csproj" />
    <Project Path="tests/SocialTennis.Api.UnitTests/SocialTennis.Api.UnitTests.csproj" />
  </Folder>
</Solution>
